
Microsoft Visual Studio Solution File, Format Version 12.00
# Visual Studio Version 16
VisualStudioVersion = 16.0.31205.134
MinimumVisualStudioVersion = 10.0.40219.1
Project("{8BC9CEB8-8B4A-11D0-8D11-00A0C91BC942}") = "0427_FirstTestApp", "0427_FirstTestApp.vcxproj", "{C88EFAB4-7767-4ACD-B366-B9AAACCB351C}"
EndProject
Project("{8BC9CEB8-8B4A-11D0-8D11-00A0C91BC942}") = "210427_Chapter2", "..\210427_Chapter2\210427_Chapter2.vcxproj", "{A797AC56-156C-4B95-B410-C7AD59A4E0D3}"
EndProject
Project("{8BC9CEB8-8B4A-11D0-8D11-00A0C91BC942}") = "210427_Chapter3", "..\210427_Chapter3\210427_Chapter3.vcxproj", "{1AE72780-3B87-4D2D-8A5E-A504A591E3EE}"
EndProject
Project("{8BC9CEB8-8B4A-11D0-8D11-00A0C91BC942}") = "210428_Chapter4", "..\210428_Chapter4\210428_Chapter4.vcxproj", "{61A07B4B-AB76-4E29-8BE3-52738D82927C}"
EndProject
Project("{8BC9CEB8-8B4A-11D0-8D11-00A0C91BC942}") = "210428_Chapter5", "..\210428_Chapter5\210428_Chapter5.vcxproj", "{EAB27755-30ED-4B0F-ACBE-51AABBE84990}"
EndProject
Project("{8BC9CEB8-8B4A-11D0-8D11-00A0C91BC942}") = "210428_Chapter6", "..\210428_Chapter6\210428_Chapter6.vcxproj", "{800509C6-E52B-4D95-99AB-EF286599143D}"
EndProject
Project("{8BC9CEB8-8B4A-11D0-8D11-00A0C91BC942}") = "210429_Chapter7", "..\210429_Chapter7\210429_Chapter7.vcxproj", "{3E4B5177-0A71-48B3-A54A-47FBF1D8A6D2}"
EndProject
Project("{8BC9CEB8-8B4A-11D0-8D11-00A0C91BC942}") = "210429_Chapter8", "..\210429_Chapter8\210429_Chapter8.vcxproj", "{85C034B3-622D-400A-9E28-D7B8EF3992C0}"
EndProject
Project("{8BC9CEB8-8B4A-11D0-8D11-00A0C91BC942}") = "210430_Chapter9", "..\210430_Chapter9\210430_Chapter9.vcxproj", "{5C9A1948-C504-4D6B-B8B7-E5D06674C8B6}"
EndProject
Project("{8BC9CEB8-8B4A-11D0-8D11-00A0C91BC942}") = "210430_Chapter10", "..\210403_Chapter10\210403_Chapter10.vcxproj", "{2F1BFBA6-2083-427C-A012-3BDDDC544D66}"
EndProject
Project("{8BC9CEB8-8B4A-11D0-8D11-00A0C91BC942}") = "210503_Chapter11", "..\210503_Chapter11\210503_Chapter11.vcxproj", "{BC3AC30B-6AEC-49B2-A94C-370E45864AED}"
EndProject
Project("{8BC9CEB8-8B4A-11D0-8D11-00A0C91BC942}") = "210503_Chapter12_1", "..\210503_Chapter12\210503_Chapter12.vcxproj", "{6EFD1E2F-9EBA-4A8F-A1C3-69EBCB6CF98F}"
EndProject
Project("{8BC9CEB8-8B4A-11D0-8D11-00A0C91BC942}") = "210504_Chapter12_2", "..\210504_Chapter12_2\210504_Chapter12_2.vcxproj", "{95A2179C-DB13-4C72-BDF9-025532E657E1}"
EndProject
Project("{8BC9CEB8-8B4A-11D0-8D11-00A0C91BC942}") = "210504_Chapter13", "..\210504_Chapter13\210504_Chapter13.vcxproj", "{E4544D63-38A1-4D56-8FD7-A83519E8F757}"
EndProject
Project("{8BC9CEB8-8B4A-11D0-8D11-00A0C91BC942}") = "210504_Chapter14", "..\210504_Chapter14\210504_Chapter14.vcxproj", "{628A8B72-A531-4644-883E-AF9E9FD0C696}"
EndProject
Global
	GlobalSection(SolutionConfigurationPlatforms) = preSolution
		Debug|x64 = Debug|x64
		Debug|x86 = Debug|x86
		Release|x64 = Release|x64
		Release|x86 = Release|x86
	EndGlobalSection
	GlobalSection(ProjectConfigurationPlatforms) = postSolution
		{C88EFAB4-7767-4ACD-B366-B9AAACCB351C}.Debug|x64.ActiveCfg = Debug|x64
		{C88EFAB4-7767-4ACD-B366-B9AAACCB351C}.Debug|x64.Build.0 = Debug|x64
		{C88EFAB4-7767-4ACD-B366-B9AAACCB351C}.Debug|x86.ActiveCfg = Debug|Win32
		{C88EFAB4-7767-4ACD-B366-B9AAACCB351C}.Debug|x86.Build.0 = Debug|Win32
		{C88EFAB4-7767-4ACD-B366-B9AAACCB351C}.Release|x64.ActiveCfg = Release|x64
		{C88EFAB4-7767-4ACD-B366-B9AAACCB351C}.Release|x64.Build.0 = Release|x64
		{C88EFAB4-7767-4ACD-B366-B9AAACCB351C}.Release|x86.ActiveCfg = Release|Win32
		{C88EFAB4-7767-4ACD-B366-B9AAACCB351C}.Release|x86.Build.0 = Release|Win32
		{A797AC56-156C-4B95-B410-C7AD59A4E0D3}.Debug|x64.ActiveCfg = Debug|x64
		{A797AC56-156C-4B95-B410-C7AD59A4E0D3}.Debug|x64.Build.0 = Debug|x64
		{A797AC56-156C-4B95-B410-C7AD59A4E0D3}.Debug|x86.ActiveCfg = Debug|Win32
		{A797AC56-156C-4B95-B410-C7AD59A4E0D3}.Debug|x86.Build.0 = Debug|Win32
		{A797AC56-156C-4B95-B410-C7AD59A4E0D3}.Release|x64.ActiveCfg = Release|x64
		{A797AC56-156C-4B95-B410-C7AD59A4E0D3}.Release|x64.Build.0 = Release|x64
		{A797AC56-156C-4B95-B410-C7AD59A4E0D3}.Release|x86.ActiveCfg = Release|Win32
		{A797AC56-156C-4B95-B410-C7AD59A4E0D3}.Release|x86.Build.0 = Release|Win32
		{1AE72780-3B87-4D2D-8A5E-A504A591E3EE}.Debug|x64.ActiveCfg = Debug|x64
		{1AE72780-3B87-4D2D-8A5E-A504A591E3EE}.Debug|x64.Build.0 = Debug|x64
		{1AE72780-3B87-4D2D-8A5E-A504A591E3EE}.Debug|x86.ActiveCfg = Debug|Win32
		{1AE72780-3B87-4D2D-8A5E-A504A591E3EE}.Debug|x86.Build.0 = Debug|Win32
		{1AE72780-3B87-4D2D-8A5E-A504A591E3EE}.Release|x64.ActiveCfg = Release|x64
		{1AE72780-3B87-4D2D-8A5E-A504A591E3EE}.Release|x64.Build.0 = Release|x64
		{1AE72780-3B87-4D2D-8A5E-A504A591E3EE}.Release|x86.ActiveCfg = Release|Win32
		{1AE72780-3B87-4D2D-8A5E-A504A591E3EE}.Release|x86.Build.0 = Release|Win32
		{61A07B4B-AB76-4E29-8BE3-52738D82927C}.Debug|x64.ActiveCfg = Debug|x64
		{61A07B4B-AB76-4E29-8BE3-52738D82927C}.Debug|x64.Build.0 = Debug|x64
		{61A07B4B-AB76-4E29-8BE3-52738D82927C}.Debug|x86.ActiveCfg = Debug|Win32
		{61A07B4B-AB76-4E29-8BE3-52738D82927C}.Debug|x86.Build.0 = Debug|Win32
		{61A07B4B-AB76-4E29-8BE3-52738D82927C}.Release|x64.ActiveCfg = Release|x64
		{61A07B4B-AB76-4E29-8BE3-52738D82927C}.Release|x64.Build.0 = Release|x64
		{61A07B4B-AB76-4E29-8BE3-52738D82927C}.Release|x86.ActiveCfg = Release|Win32
		{61A07B4B-AB76-4E29-8BE3-52738D82927C}.Release|x86.Build.0 = Release|Win32
		{EAB27755-30ED-4B0F-ACBE-51AABBE84990}.Debug|x64.ActiveCfg = Debug|x64
		{EAB27755-30ED-4B0F-ACBE-51AABBE84990}.Debug|x64.Build.0 = Debug|x64
		{EAB27755-30ED-4B0F-ACBE-51AABBE84990}.Debug|x86.ActiveCfg = Debug|Win32
		{EAB27755-30ED-4B0F-ACBE-51AABBE84990}.Debug|x86.Build.0 = Debug|Win32
		{EAB27755-30ED-4B0F-ACBE-51AABBE84990}.Release|x64.ActiveCfg = Release|x64
		{EAB27755-30ED-4B0F-ACBE-51AABBE84990}.Release|x64.Build.0 = Release|x64
		{EAB27755-30ED-4B0F-ACBE-51AABBE84990}.Release|x86.ActiveCfg = Release|Win32
		{EAB27755-30ED-4B0F-ACBE-51AABBE84990}.Release|x86.Build.0 = Release|Win32
		{800509C6-E52B-4D95-99AB-EF286599143D}.Debug|x64.ActiveCfg = Debug|x64
		{800509C6-E52B-4D95-99AB-EF286599143D}.Debug|x64.Build.0 = Debug|x64
		{800509C6-E52B-4D95-99AB-EF286599143D}.Debug|x86.ActiveCfg = Debug|Win32
		{800509C6-E52B-4D95-99AB-EF286599143D}.Debug|x86.Build.0 = Debug|Win32
		{800509C6-E52B-4D95-99AB-EF286599143D}.Release|x64.ActiveCfg = Release|x64
		{800509C6-E52B-4D95-99AB-EF286599143D}.Release|x64.Build.0 = Release|x64
		{800509C6-E52B-4D95-99AB-EF286599143D}.Release|x86.ActiveCfg = Release|Win32
		{800509C6-E52B-4D95-99AB-EF286599143D}.Release|x86.Build.0 = Release|Win32
		{3E4B5177-0A71-48B3-A54A-47FBF1D8A6D2}.Debug|x64.ActiveCfg = Debug|x64
		{3E4B5177-0A71-48B3-A54A-47FBF1D8A6D2}.Debug|x64.Build.0 = Debug|x64
		{3E4B5177-0A71-48B3-A54A-47FBF1D8A6D2}.Debug|x86.ActiveCfg = Debug|Win32
		{3E4B5177-0A71-48B3-A54A-47FBF1D8A6D2}.Debug|x86.Build.0 = Debug|Win32
		{3E4B5177-0A71-48B3-A54A-47FBF1D8A6D2}.Release|x64.ActiveCfg = Release|x64
		{3E4B5177-0A71-48B3-A54A-47FBF1D8A6D2}.Release|x64.Build.0 = Release|x64
		{3E4B5177-0A71-48B3-A54A-47FBF1D8A6D2}.Release|x86.ActiveCfg = Release|Win32
		{3E4B5177-0A71-48B3-A54A-47FBF1D8A6D2}.Release|x86.Build.0 = Release|Win32
		{85C034B3-622D-400A-9E28-D7B8EF3992C0}.Debug|x64.ActiveCfg = Debug|x64
		{85C034B3-622D-400A-9E28-D7B8EF3992C0}.Debug|x64.Build.0 = Debug|x64
		{85C034B3-622D-400A-9E28-D7B8EF3992C0}.Debug|x86.ActiveCfg = Debug|Win32
		{85C034B3-622D-400A-9E28-D7B8EF3992C0}.Debug|x86.Build.0 = Debug|Win32
		{85C034B3-622D-400A-9E28-D7B8EF3992C0}.Release|x64.ActiveCfg = Release|x64
		{85C034B3-622D-400A-9E28-D7B8EF3992C0}.Release|x64.Build.0 = Release|x64
		{85C034B3-622D-400A-9E28-D7B8EF3992C0}.Release|x86.ActiveCfg = Release|Win32
		{85C034B3-622D-400A-9E28-D7B8EF3992C0}.Release|x86.Build.0 = Release|Win32
		{5C9A1948-C504-4D6B-B8B7-E5D06674C8B6}.Debug|x64.ActiveCfg = Debug|x64
		{5C9A1948-C504-4D6B-B8B7-E5D06674C8B6}.Debug|x64.Build.0 = Debug|x64
		{5C9A1948-C504-4D6B-B8B7-E5D06674C8B6}.Debug|x86.ActiveCfg = Debug|Win32
		{5C9A1948-C504-4D6B-B8B7-E5D06674C8B6}.Debug|x86.Build.0 = Debug|Win32
		{5C9A1948-C504-4D6B-B8B7-E5D06674C8B6}.Release|x64.ActiveCfg = Release|x64
		{5C9A1948-C504-4D6B-B8B7-E5D06674C8B6}.Release|x64.Build.0 = Release|x64
		{5C9A1948-C504-4D6B-B8B7-E5D06674C8B6}.Release|x86.ActiveCfg = Release|Win32
		{5C9A1948-C504-4D6B-B8B7-E5D06674C8B6}.Release|x86.Build.0 = Release|Win32
		{2F1BFBA6-2083-427C-A012-3BDDDC544D66}.Debug|x64.ActiveCfg = Debug|x64
		{2F1BFBA6-2083-427C-A012-3BDDDC544D66}.Debug|x64.Build.0 = Debug|x64
		{2F1BFBA6-2083-427C-A012-3BDDDC544D66}.Debug|x86.ActiveCfg = Debug|Win32
		{2F1BFBA6-2083-427C-A012-3BDDDC544D66}.Debug|x86.Build.0 = Debug|Win32
		{2F1BFBA6-2083-427C-A012-3BDDDC544D66}.Release|x64.ActiveCfg = Release|x64
		{2F1BFBA6-2083-427C-A012-3BDDDC544D66}.Release|x64.Build.0 = Release|x64
		{2F1BFBA6-2083-427C-A012-3BDDDC544D66}.Release|x86.ActiveCfg = Release|Win32
		{2F1BFBA6-2083-427C-A012-3BDDDC544D66}.Release|x86.Build.0 = Release|Win32
		{BC3AC30B-6AEC-49B2-A94C-370E45864AED}.Debug|x64.ActiveCfg = Debug|x64
		{BC3AC30B-6AEC-49B2-A94C-370E45864AED}.Debug|x64.Build.0 = Debug|x64
		{BC3AC30B-6AEC-49B2-A94C-370E45864AED}.Debug|x86.ActiveCfg = Debug|Win32
		{BC3AC30B-6AEC-49B2-A94C-370E45864AED}.Debug|x86.Build.0 = Debug|Win32
		{BC3AC30B-6AEC-49B2-A94C-370E45864AED}.Release|x64.ActiveCfg = Release|x64
		{BC3AC30B-6AEC-49B2-A94C-370E45864AED}.Release|x64.Build.0 = Release|x64
		{BC3AC30B-6AEC-49B2-A94C-370E45864AED}.Release|x86.ActiveCfg = Release|Win32
		{BC3AC30B-6AEC-49B2-A94C-370E45864AED}.Release|x86.Build.0 = Release|Win32
		{6EFD1E2F-9EBA-4A8F-A1C3-69EBCB6CF98F}.Debug|x64.ActiveCfg = Debug|x64
		{6EFD1E2F-9EBA-4A8F-A1C3-69EBCB6CF98F}.Debug|x64.Build.0 = Debug|x64
		{6EFD1E2F-9EBA-4A8F-A1C3-69EBCB6CF98F}.Debug|x86.ActiveCfg = Debug|Win32
		{6EFD1E2F-9EBA-4A8F-A1C3-69EBCB6CF98F}.Debug|x86.Build.0 = Debug|Win32
		{6EFD1E2F-9EBA-4A8F-A1C3-69EBCB6CF98F}.Release|x64.ActiveCfg = Release|x64
		{6EFD1E2F-9EBA-4A8F-A1C3-69EBCB6CF98F}.Release|x64.Build.0 = Release|x64
		{6EFD1E2F-9EBA-4A8F-A1C3-69EBCB6CF98F}.Release|x86.ActiveCfg = Release|Win32
		{6EFD1E2F-9EBA-4A8F-A1C3-69EBCB6CF98F}.Release|x86.Build.0 = Release|Win32
		{95A2179C-DB13-4C72-BDF9-025532E657E1}.Debug|x64.ActiveCfg = Debug|x64
		{95A2179C-DB13-4C72-BDF9-025532E657E1}.Debug|x64.Build.0 = Debug|x64
		{95A2179C-DB13-4C72-BDF9-025532E657E1}.Debug|x86.ActiveCfg = Debug|Win32
		{95A2179C-DB13-4C72-BDF9-025532E657E1}.Debug|x86.Build.0 = Debug|Win32
		{95A2179C-DB13-4C72-BDF9-025532E657E1}.Release|x64.ActiveCfg = Release|x64
		{95A2179C-DB13-4C72-BDF9-025532E657E1}.Release|x64.Build.0 = Release|x64
		{95A2179C-DB13-4C72-BDF9-025532E657E1}.Release|x86.ActiveCfg = Release|Win32
		{95A2179C-DB13-4C72-BDF9-025532E657E1}.Release|x86.Build.0 = Release|Win32
		{E4544D63-38A1-4D56-8FD7-A83519E8F757}.Debug|x64.ActiveCfg = Debug|x64
		{E4544D63-38A1-4D56-8FD7-A83519E8F757}.Debug|x64.Build.0 = Debug|x64
		{E4544D63-38A1-4D56-8FD7-A83519E8F757}.Debug|x86.ActiveCfg = Debug|Win32
		{E4544D63-38A1-4D56-8FD7-A83519E8F757}.Debug|x86.Build.0 = Debug|Win32
		{E4544D63-38A1-4D56-8FD7-A83519E8F757}.Release|x64.ActiveCfg = Release|x64
		{E4544D63-38A1-4D56-8FD7-A83519E8F757}.Release|x64.Build.0 = Release|x64
		{E4544D63-38A1-4D56-8FD7-A83519E8F757}.Release|x86.ActiveCfg = Release|Win32
		{E4544D63-38A1-4D56-8FD7-A83519E8F757}.Release|x86.Build.0 = Release|Win32
		{628A8B72-A531-4644-883E-AF9E9FD0C696}.Debug|x64.ActiveCfg = Debug|x64
		{628A8B72-A531-4644-883E-AF9E9FD0C696}.Debug|x64.Build.0 = Debug|x64
		{628A8B72-A531-4644-883E-AF9E9FD0C696}.Debug|x86.ActiveCfg = Debug|Win32
		{628A8B72-A531-4644-883E-AF9E9FD0C696}.Debug|x86.Build.0 = Debug|Win32
		{628A8B72-A531-4644-883E-AF9E9FD0C696}.Release|x64.ActiveCfg = Release|x64
		{628A8B72-A531-4644-883E-AF9E9FD0C696}.Release|x64.Build.0 = Release|x64
		{628A8B72-A531-4644-883E-AF9E9FD0C696}.Release|x86.ActiveCfg = Release|Win32
		{628A8B72-A531-4644-883E-AF9E9FD0C696}.Release|x86.Build.0 = Release|Win32
	EndGlobalSection
	GlobalSection(SolutionProperties) = preSolution
		HideSolutionNode = FALSE
	EndGlobalSection
	GlobalSection(ExtensibilityGlobals) = postSolution
		SolutionGuid = {D7629735-5E22-4429-A0FF-9AEBE0B6F0B3}
	EndGlobalSection
EndGlobal
