
Microsoft Visual Studio Solution File, Format Version 12.00
# Visual Studio Version 16
VisualStudioVersion = 16.0.31205.134
MinimumVisualStudioVersion = 10.0.40219.1
Project("{8BC9CEB8-8B4A-11D0-8D11-00A0C91BC942}") = "0427_FirstTestApp", "0427_FirstTestApp.vcxproj", "{C88EFAB4-7767-4ACD-B366-B9AAACCB351C}"
EndProject
Project("{8BC9CEB8-8B4A-11D0-8D11-00A0C91BC942}") = "210427_Chapter2", "..\210427_Chapter2\210427_Chapter2.vcxproj", "{A797AC56-156C-4B95-B410-C7AD59A4E0D3}"
EndProject
Project("{8BC9CEB8-8B4A-11D0-8D11-00A0C91BC942}") = "210427_Chapter3", "..\210427_Chapter3\210427_Chapter3.vcxproj", "{1AE72780-3B87-4D2D-8A5E-A504A591E3EE}"
EndProject
Project("{8BC9CEB8-8B4A-11D0-8D11-00A0C91BC942}") = "210428_Chapter4", "..\210428_Chapter4\210428_Chapter4.vcxproj", "{61A07B4B-AB76-4E29-8BE3-52738D82927C}"
EndProject
Project("{8BC9CEB8-8B4A-11D0-8D11-00A0C91BC942}") = "210428_Chapter5", "..\210428_Chapter5\210428_Chapter5.vcxproj", "{EAB27755-30ED-4B0F-ACBE-51AABBE84990}"
EndProject
Project("{8BC9CEB8-8B4A-11D0-8D11-00A0C91BC942}") = "210428_Chapter6", "..\210428_Chapter6\210428_Chapter6.vcxproj", "{800509C6-E52B-4D95-99AB-EF286599143D}"
EndProject
Project("{8BC9CEB8-8B4A-11D0-8D11-00A0C91BC942}") = "210429_Chapter7", "..\210429_Chapter7\210429_Chapter7.vcxproj", "{3E4B5177-0A71-48B3-A54A-47FBF1D8A6D2}"
EndProject
Project("{8BC9CEB8-8B4A-11D0-8D11-00A0C91BC942}") = "210429_Chapter8", "..\210429_Chapter8\210429_Chapter8.vcxproj", "{85C034B3-622D-400A-9E28-D7B8EF3992C0}"
EndProject
Global
	GlobalSection(SolutionConfigurationPlatforms) = preSolution
		Debug|x64 = Debug|x64
		Debug|x86 = Debug|x86
		Release|x64 = Release|x64
		Release|x86 = Release|x86
	EndGlobalSection
	GlobalSection(ProjectConfigurationPlatforms) = postSolution
		{C88EFAB4-7767-4ACD-B366-B9AAACCB351C}.Debug|x64.ActiveCfg = Debug|x64
		{C88EFAB4-7767-4ACD-B366-B9AAACCB351C}.Debug|x64.Build.0 = Debug|x64
		{C88EFAB4-7767-4ACD-B366-B9AAACCB351C}.Debug|x86.ActiveCfg = Debug|Win32
		{C88EFAB4-7767-4ACD-B366-B9AAACCB351C}.Debug|x86.Build.0 = Debug|Win32
		{C88EFAB4-7767-4ACD-B366-B9AAACCB351C}.Release|x64.ActiveCfg = Release|x64
		{C88EFAB4-7767-4ACD-B366-B9AAACCB351C}.Release|x64.Build.0 = Release|x64
		{C88EFAB4-7767-4ACD-B366-B9AAACCB351C}.Release|x86.ActiveCfg = Release|Win32
		{C88EFAB4-7767-4ACD-B366-B9AAACCB351C}.Release|x86.Build.0 = Release|Win32
		{A797AC56-156C-4B95-B410-C7AD59A4E0D3}.Debug|x64.ActiveCfg = Debug|x64
		{A797AC56-156C-4B95-B410-C7AD59A4E0D3}.Debug|x64.Build.0 = Debug|x64
		{A797AC56-156C-4B95-B410-C7AD59A4E0D3}.Debug|x86.ActiveCfg = Debug|Win32
		{A797AC56-156C-4B95-B410-C7AD59A4E0D3}.Debug|x86.Build.0 = Debug|Win32
		{A797AC56-156C-4B95-B410-C7AD59A4E0D3}.Release|x64.ActiveCfg = Release|x64
		{A797AC56-156C-4B95-B410-C7AD59A4E0D3}.Release|x64.Build.0 = Release|x64
		{A797AC56-156C-4B95-B410-C7AD59A4E0D3}.Release|x86.ActiveCfg = Release|Win32
		{A797AC56-156C-4B95-B410-C7AD59A4E0D3}.Release|x86.Build.0 = Release|Win32
		{1AE72780-3B87-4D2D-8A5E-A504A591E3EE}.Debug|x64.ActiveCfg = Debug|x64
		{1AE72780-3B87-4D2D-8A5E-A504A591E3EE}.Debug|x64.Build.0 = Debug|x64
		{1AE72780-3B87-4D2D-8A5E-A504A591E3EE}.Debug|x86.ActiveCfg = Debug|Win32
		{1AE72780-3B87-4D2D-8A5E-A504A591E3EE}.Debug|x86.Build.0 = Debug|Win32
		{1AE72780-3B87-4D2D-8A5E-A504A591E3EE}.Release|x64.ActiveCfg = Release|x64
		{1AE72780-3B87-4D2D-8A5E-A504A591E3EE}.Release|x64.Build.0 = Release|x64
		{1AE72780-3B87-4D2D-8A5E-A504A591E3EE}.Release|x86.ActiveCfg = Release|Win32
		{1AE72780-3B87-4D2D-8A5E-A504A591E3EE}.Release|x86.Build.0 = Release|Win32
		{61A07B4B-AB76-4E29-8BE3-52738D82927C}.Debug|x64.ActiveCfg = Debug|x64
		{61A07B4B-AB76-4E29-8BE3-52738D82927C}.Debug|x64.Build.0 = Debug|x64
		{61A07B4B-AB76-4E29-8BE3-52738D82927C}.Debug|x86.ActiveCfg = Debug|Win32
		{61A07B4B-AB76-4E29-8BE3-52738D82927C}.Debug|x86.Build.0 = Debug|Win32
		{61A07B4B-AB76-4E29-8BE3-52738D82927C}.Release|x64.ActiveCfg = Release|x64
		{61A07B4B-AB76-4E29-8BE3-52738D82927C}.Release|x64.Build.0 = Release|x64
		{61A07B4B-AB76-4E29-8BE3-52738D82927C}.Release|x86.ActiveCfg = Release|Win32
		{61A07B4B-AB76-4E29-8BE3-52738D82927C}.Release|x86.Build.0 = Release|Win32
		{EAB27755-30ED-4B0F-ACBE-51AABBE84990}.Debug|x64.ActiveCfg = Debug|x64
		{EAB27755-30ED-4B0F-ACBE-51AABBE84990}.Debug|x64.Build.0 = Debug|x64
		{EAB27755-30ED-4B0F-ACBE-51AABBE84990}.Debug|x86.ActiveCfg = Debug|Win32
		{EAB27755-30ED-4B0F-ACBE-51AABBE84990}.Debug|x86.Build.0 = Debug|Win32
		{EAB27755-30ED-4B0F-ACBE-51AABBE84990}.Release|x64.ActiveCfg = Release|x64
		{EAB27755-30ED-4B0F-ACBE-51AABBE84990}.Release|x64.Build.0 = Release|x64
		{EAB27755-30ED-4B0F-ACBE-51AABBE84990}.Release|x86.ActiveCfg = Release|Win32
		{EAB27755-30ED-4B0F-ACBE-51AABBE84990}.Release|x86.Build.0 = Release|Win32
		{800509C6-E52B-4D95-99AB-EF286599143D}.Debug|x64.ActiveCfg = Debug|x64
		{800509C6-E52B-4D95-99AB-EF286599143D}.Debug|x64.Build.0 = Debug|x64
		{800509C6-E52B-4D95-99AB-EF286599143D}.Debug|x86.ActiveCfg = Debug|Win32
		{800509C6-E52B-4D95-99AB-EF286599143D}.Debug|x86.Build.0 = Debug|Win32
		{800509C6-E52B-4D95-99AB-EF286599143D}.Release|x64.ActiveCfg = Release|x64
		{800509C6-E52B-4D95-99AB-EF286599143D}.Release|x64.Build.0 = Release|x64
		{800509C6-E52B-4D95-99AB-EF286599143D}.Release|x86.ActiveCfg = Release|Win32
		{800509C6-E52B-4D95-99AB-EF286599143D}.Release|x86.Build.0 = Release|Win32
		{3E4B5177-0A71-48B3-A54A-47FBF1D8A6D2}.Debug|x64.ActiveCfg = Debug|x64
		{3E4B5177-0A71-48B3-A54A-47FBF1D8A6D2}.Debug|x64.Build.0 = Debug|x64
		{3E4B5177-0A71-48B3-A54A-47FBF1D8A6D2}.Debug|x86.ActiveCfg = Debug|Win32
		{3E4B5177-0A71-48B3-A54A-47FBF1D8A6D2}.Debug|x86.Build.0 = Debug|Win32
		{3E4B5177-0A71-48B3-A54A-47FBF1D8A6D2}.Release|x64.ActiveCfg = Release|x64
		{3E4B5177-0A71-48B3-A54A-47FBF1D8A6D2}.Release|x64.Build.0 = Release|x64
		{3E4B5177-0A71-48B3-A54A-47FBF1D8A6D2}.Release|x86.ActiveCfg = Release|Win32
		{3E4B5177-0A71-48B3-A54A-47FBF1D8A6D2}.Release|x86.Build.0 = Release|Win32
		{85C034B3-622D-400A-9E28-D7B8EF3992C0}.Debug|x64.ActiveCfg = Debug|x64
		{85C034B3-622D-400A-9E28-D7B8EF3992C0}.Debug|x64.Build.0 = Debug|x64
		{85C034B3-622D-400A-9E28-D7B8EF3992C0}.Debug|x86.ActiveCfg = Debug|Win32
		{85C034B3-622D-400A-9E28-D7B8EF3992C0}.Debug|x86.Build.0 = Debug|Win32
		{85C034B3-622D-400A-9E28-D7B8EF3992C0}.Release|x64.ActiveCfg = Release|x64
		{85C034B3-622D-400A-9E28-D7B8EF3992C0}.Release|x64.Build.0 = Release|x64
		{85C034B3-622D-400A-9E28-D7B8EF3992C0}.Release|x86.ActiveCfg = Release|Win32
		{85C034B3-622D-400A-9E28-D7B8EF3992C0}.Release|x86.Build.0 = Release|Win32
	EndGlobalSection
	GlobalSection(SolutionProperties) = preSolution
		HideSolutionNode = FALSE
	EndGlobalSection
	GlobalSection(ExtensibilityGlobals) = postSolution
		SolutionGuid = {D7629735-5E22-4429-A0FF-9AEBE0B6F0B3}
	EndGlobalSection
EndGlobal
